
Microsoft Visual Studio Solution File, Format Version 12.00
# Visual Studio 15
VisualStudioVersion = 15.0.26228.12
MinimumVisualStudioVersion = 10.0.40219.1
Project("{FAE04EC0-301F-11D3-BF4B-00C04F79EFBC}") = "SportsStore.Domain", "SportsStore.Domain\SportsStore.Domain.csproj", "{50E51020-DE47-40B6-8F5B-347DFC42855E}"
EndProject
Project("{FAE04EC0-301F-11D3-BF4B-00C04F79EFBC}") = "SportsStore.WebUI", "SportsStore.WebUI\SportsStore.WebUI.csproj", "{843A88C6-A85E-4A57-A2FF-CAFCE1F1F359}"
EndProject
Project("{FAE04EC0-301F-11D3-BF4B-00C04F79EFBC}") = "SportsStore.UnitTests", "SportsStore.UnitTests\SportsStore.UnitTests.csproj", "{5F2A6908-0C68-48A9-84C8-CAE5904F0ADB}"
EndProject
Global
	GlobalSection(SolutionConfigurationPlatforms) = preSolution
		Debug|Any CPU = Debug|Any CPU
		Release|Any CPU = Release|Any CPU
	EndGlobalSection
	GlobalSection(ProjectConfigurationPlatforms) = postSolution
		{50E51020-DE47-40B6-8F5B-347DFC42855E}.Debug|Any CPU.ActiveCfg = Debug|Any CPU
		{50E51020-DE47-40B6-8F5B-347DFC42855E}.Debug|Any CPU.Build.0 = Debug|Any CPU
		{50E51020-DE47-40B6-8F5B-347DFC42855E}.Release|Any CPU.ActiveCfg = Release|Any CPU
		{50E51020-DE47-40B6-8F5B-347DFC42855E}.Release|Any CPU.Build.0 = Release|Any CPU
		{843A88C6-A85E-4A57-A2FF-CAFCE1F1F359}.Debug|Any CPU.ActiveCfg = Debug|Any CPU
		{843A88C6-A85E-4A57-A2FF-CAFCE1F1F359}.Debug|Any CPU.Build.0 = Debug|Any CPU
		{843A88C6-A85E-4A57-A2FF-CAFCE1F1F359}.Release|Any CPU.ActiveCfg = Release|Any CPU
		{843A88C6-A85E-4A57-A2FF-CAFCE1F1F359}.Release|Any CPU.Build.0 = Release|Any CPU
		{5F2A6908-0C68-48A9-84C8-CAE5904F0ADB}.Debug|Any CPU.ActiveCfg = Debug|Any CPU
		{5F2A6908-0C68-48A9-84C8-CAE5904F0ADB}.Debug|Any CPU.Build.0 = Debug|Any CPU
		{5F2A6908-0C68-48A9-84C8-CAE5904F0ADB}.Release|Any CPU.ActiveCfg = Release|Any CPU
		{5F2A6908-0C68-48A9-84C8-CAE5904F0ADB}.Release|Any CPU.Build.0 = Release|Any CPU
	EndGlobalSection
	GlobalSection(SolutionProperties) = preSolution
		HideSolutionNode = FALSE
	EndGlobalSection
EndGlobal
